
Microsoft Visual Studio Solution File, Format Version 12.00
# Visual Studio Version 16
VisualStudioVersion = 16.0.29025.244
MinimumVisualStudioVersion = 10.0.40219.1
Project("{FAE04EC0-301F-11D3-BF4B-00C04F79EFBC}") = "DesignPatterns", "DesignPatterns\DesignPatterns.csproj", "{526A3A7C-ACC3-42F2-8142-9B9010A20ABA}"
EndProject
Project("{2150E333-8FDC-42A3-9474-1A3956D46DE8}") = "Microservices", "Microservices", "{00CBC3B6-CC31-475B-9DE1-989F9F5495D9}"
	ProjectSection(SolutionItems) = preProject
		MicroServices.txt = MicroServices.txt
	EndProjectSection
EndProject
Project("{9A19103F-16F7-4668-BE54-9A1E7A4F7556}") = "ProductMicroservice", "ProductMicroservice\ProductMicroservice.csproj", "{0962EB34-79CB-4F52-9707-04D9685A4E60}"
EndProject
Project("{2150E333-8FDC-42A3-9474-1A3956D46DE8}") = "Udemy-Master-Asp-Net-Core-2.0", "Udemy-Master-Asp-Net-Core-2.0", "{74D7811D-7F5F-43D9-8ACE-7C792C898D87}"
EndProject
Project("{9A19103F-16F7-4668-BE54-9A1E7A4F7556}") = "BookList", "BookList\BookList.csproj", "{A34997C5-56FE-4DE5-9F23-CCA7C8D63517}"
EndProject
Project("{9A19103F-16F7-4668-BE54-9A1E7A4F7556}") = "Generics", "Generics\Generics.csproj", "{88EEAC83-FC8F-41C8-BA7D-4A5A1ABD8B9A}"
EndProject
Project("{9A19103F-16F7-4668-BE54-9A1E7A4F7556}") = "Delegates", "Delegates\Delegates.csproj", "{94B0D459-B04B-4E17-BE4B-40A8B54FF5D9}"
EndProject
Project("{9A19103F-16F7-4668-BE54-9A1E7A4F7556}") = "LambdaExpressions", "LambdaExpressions\LambdaExpressions.csproj", "{4E3B9D0A-1B46-4017-9D60-5F7421FE6EE0}"
EndProject
Project("{9A19103F-16F7-4668-BE54-9A1E7A4F7556}") = "Events", "Events\Events.csproj", "{6B673D14-5C05-410F-920E-63FC471F2F49}"
EndProject
Project("{9A19103F-16F7-4668-BE54-9A1E7A4F7556}") = "ExtensionMethods", "ExtensionMethods\ExtensionMethods.csproj", "{6830695E-ADF9-4EF4-A002-7F9469053FA4}"
EndProject
Project("{9A19103F-16F7-4668-BE54-9A1E7A4F7556}") = "LINQ", "LINQ\LINQ.csproj", "{6B7C7A9C-C3BF-4A5F-8B1C-43817705CBF4}"
EndProject
Project("{9A19103F-16F7-4668-BE54-9A1E7A4F7556}") = "NullableTypes", "NullableTypes\NullableTypes.csproj", "{04FDFD28-B0E7-4F99-9667-280E314A204F}"
EndProject
Project("{9A19103F-16F7-4668-BE54-9A1E7A4F7556}") = "Dynamic", "Dynamic\Dynamic.csproj", "{365FAB25-174F-4BDE-8840-C053DB4AD8FA}"
EndProject
Project("{9A19103F-16F7-4668-BE54-9A1E7A4F7556}") = "ExceptionHandling", "ExceptionHandling\ExceptionHandling.csproj", "{CC6C26C3-3902-4928-A61B-0F6C8E72B08A}"
EndProject
Project("{FAE04EC0-301F-11D3-BF4B-00C04F79EFBC}") = "AsynchronousProgramming", "AsynchronousProgramming\AsynchronousProgramming.csproj", "{17831A73-47D7-4865-890B-522C216EE38D}"
EndProject
Project("{9A19103F-16F7-4668-BE54-9A1E7A4F7556}") = "Tangy", "Tangy\Tangy.csproj", "{B2F9507A-9783-41A7-A46E-4B5C8A100013}"
EndProject
Project("{9A19103F-16F7-4668-BE54-9A1E7A4F7556}") = "ControllersAndActions", "ControllersAndActions\ControllersAndActions.csproj", "{81089E5D-F0CC-4157-9E31-A1C97527F19B}"
EndProject
Project("{9A19103F-16F7-4668-BE54-9A1E7A4F7556}") = "Polymorphism", "Polymorphism\Polymorphism.csproj", "{16286A8C-3035-467E-A446-509EF73760CE}"
EndProject
Project("{9A19103F-16F7-4668-BE54-9A1E7A4F7556}") = "Dictionary", "Dictionary\Dictionary.csproj", "{CDD2E8A8-DEE3-4152-894A-2078E0E85BB7}"
EndProject
Project("{9A19103F-16F7-4668-BE54-9A1E7A4F7556}") = "Faktoriyel", "Faktoriyel\Faktoriyel.csproj", "{A59EF9EC-9DD9-456D-8F8A-5AA81B63D7C9}"
EndProject
Project("{9A19103F-16F7-4668-BE54-9A1E7A4F7556}") = "Delegates2", "Delegates2\Delegates2.csproj", "{D42A0C80-FE13-4422-9926-F8F982EC5999}"
EndProject
Project("{9A19103F-16F7-4668-BE54-9A1E7A4F7556}") = "Events2", "Events2\Events2.csproj", "{8322C355-BAA6-48E5-9C1D-A288E3A72A1F}"
EndProject
Project("{2150E333-8FDC-42A3-9474-1A3956D46DE8}") = "Udemy-CSharp-AdvancedTopics", "Udemy-CSharp-AdvancedTopics", "{F500B962-D7D6-4CC2-A76C-F93F211B9C0F}"
EndProject
Project("{9A19103F-16F7-4668-BE54-9A1E7A4F7556}") = "LinqAndLambdas", "LinqAndLambdas\LinqAndLambdas.csproj", "{6AF92F46-73D7-4EC8-BF50-85AEE14F631A}"
EndProject
Project("{9A19103F-16F7-4668-BE54-9A1E7A4F7556}") = "ExtensionMethods2", "ExtensionMethods2\ExtensionMethods2.csproj", "{CAD3B84A-17F7-46E9-AB41-09F5E22C43A3}"
EndProject
Project("{FAE04EC0-301F-11D3-BF4B-00C04F79EFBC}") = "Generics2", "Generics2\Generics2.csproj", "{222F73D9-30DC-4FCD-B1CA-E21D1B49E681}"
EndProject
Global
	GlobalSection(SolutionConfigurationPlatforms) = preSolution
		Debug|Any CPU = Debug|Any CPU
		Release|Any CPU = Release|Any CPU
	EndGlobalSection
	GlobalSection(ProjectConfigurationPlatforms) = postSolution
		{526A3A7C-ACC3-42F2-8142-9B9010A20ABA}.Debug|Any CPU.ActiveCfg = Debug|Any CPU
		{526A3A7C-ACC3-42F2-8142-9B9010A20ABA}.Debug|Any CPU.Build.0 = Debug|Any CPU
		{526A3A7C-ACC3-42F2-8142-9B9010A20ABA}.Release|Any CPU.ActiveCfg = Release|Any CPU
		{526A3A7C-ACC3-42F2-8142-9B9010A20ABA}.Release|Any CPU.Build.0 = Release|Any CPU
		{0962EB34-79CB-4F52-9707-04D9685A4E60}.Debug|Any CPU.ActiveCfg = Debug|Any CPU
		{0962EB34-79CB-4F52-9707-04D9685A4E60}.Debug|Any CPU.Build.0 = Debug|Any CPU
		{0962EB34-79CB-4F52-9707-04D9685A4E60}.Release|Any CPU.ActiveCfg = Release|Any CPU
		{0962EB34-79CB-4F52-9707-04D9685A4E60}.Release|Any CPU.Build.0 = Release|Any CPU
		{A34997C5-56FE-4DE5-9F23-CCA7C8D63517}.Debug|Any CPU.ActiveCfg = Debug|Any CPU
		{A34997C5-56FE-4DE5-9F23-CCA7C8D63517}.Debug|Any CPU.Build.0 = Debug|Any CPU
		{A34997C5-56FE-4DE5-9F23-CCA7C8D63517}.Release|Any CPU.ActiveCfg = Release|Any CPU
		{A34997C5-56FE-4DE5-9F23-CCA7C8D63517}.Release|Any CPU.Build.0 = Release|Any CPU
		{88EEAC83-FC8F-41C8-BA7D-4A5A1ABD8B9A}.Debug|Any CPU.ActiveCfg = Debug|Any CPU
		{88EEAC83-FC8F-41C8-BA7D-4A5A1ABD8B9A}.Debug|Any CPU.Build.0 = Debug|Any CPU
		{88EEAC83-FC8F-41C8-BA7D-4A5A1ABD8B9A}.Release|Any CPU.ActiveCfg = Release|Any CPU
		{88EEAC83-FC8F-41C8-BA7D-4A5A1ABD8B9A}.Release|Any CPU.Build.0 = Release|Any CPU
		{94B0D459-B04B-4E17-BE4B-40A8B54FF5D9}.Debug|Any CPU.ActiveCfg = Debug|Any CPU
		{94B0D459-B04B-4E17-BE4B-40A8B54FF5D9}.Debug|Any CPU.Build.0 = Debug|Any CPU
		{94B0D459-B04B-4E17-BE4B-40A8B54FF5D9}.Release|Any CPU.ActiveCfg = Release|Any CPU
		{94B0D459-B04B-4E17-BE4B-40A8B54FF5D9}.Release|Any CPU.Build.0 = Release|Any CPU
		{4E3B9D0A-1B46-4017-9D60-5F7421FE6EE0}.Debug|Any CPU.ActiveCfg = Debug|Any CPU
		{4E3B9D0A-1B46-4017-9D60-5F7421FE6EE0}.Debug|Any CPU.Build.0 = Debug|Any CPU
		{4E3B9D0A-1B46-4017-9D60-5F7421FE6EE0}.Release|Any CPU.ActiveCfg = Release|Any CPU
		{4E3B9D0A-1B46-4017-9D60-5F7421FE6EE0}.Release|Any CPU.Build.0 = Release|Any CPU
		{6B673D14-5C05-410F-920E-63FC471F2F49}.Debug|Any CPU.ActiveCfg = Debug|Any CPU
		{6B673D14-5C05-410F-920E-63FC471F2F49}.Debug|Any CPU.Build.0 = Debug|Any CPU
		{6B673D14-5C05-410F-920E-63FC471F2F49}.Release|Any CPU.ActiveCfg = Release|Any CPU
		{6B673D14-5C05-410F-920E-63FC471F2F49}.Release|Any CPU.Build.0 = Release|Any CPU
		{6830695E-ADF9-4EF4-A002-7F9469053FA4}.Debug|Any CPU.ActiveCfg = Debug|Any CPU
		{6830695E-ADF9-4EF4-A002-7F9469053FA4}.Debug|Any CPU.Build.0 = Debug|Any CPU
		{6830695E-ADF9-4EF4-A002-7F9469053FA4}.Release|Any CPU.ActiveCfg = Release|Any CPU
		{6830695E-ADF9-4EF4-A002-7F9469053FA4}.Release|Any CPU.Build.0 = Release|Any CPU
		{6B7C7A9C-C3BF-4A5F-8B1C-43817705CBF4}.Debug|Any CPU.ActiveCfg = Debug|Any CPU
		{6B7C7A9C-C3BF-4A5F-8B1C-43817705CBF4}.Debug|Any CPU.Build.0 = Debug|Any CPU
		{6B7C7A9C-C3BF-4A5F-8B1C-43817705CBF4}.Release|Any CPU.ActiveCfg = Release|Any CPU
		{6B7C7A9C-C3BF-4A5F-8B1C-43817705CBF4}.Release|Any CPU.Build.0 = Release|Any CPU
		{04FDFD28-B0E7-4F99-9667-280E314A204F}.Debug|Any CPU.ActiveCfg = Debug|Any CPU
		{04FDFD28-B0E7-4F99-9667-280E314A204F}.Debug|Any CPU.Build.0 = Debug|Any CPU
		{04FDFD28-B0E7-4F99-9667-280E314A204F}.Release|Any CPU.ActiveCfg = Release|Any CPU
		{04FDFD28-B0E7-4F99-9667-280E314A204F}.Release|Any CPU.Build.0 = Release|Any CPU
		{365FAB25-174F-4BDE-8840-C053DB4AD8FA}.Debug|Any CPU.ActiveCfg = Debug|Any CPU
		{365FAB25-174F-4BDE-8840-C053DB4AD8FA}.Debug|Any CPU.Build.0 = Debug|Any CPU
		{365FAB25-174F-4BDE-8840-C053DB4AD8FA}.Release|Any CPU.ActiveCfg = Release|Any CPU
		{365FAB25-174F-4BDE-8840-C053DB4AD8FA}.Release|Any CPU.Build.0 = Release|Any CPU
		{CC6C26C3-3902-4928-A61B-0F6C8E72B08A}.Debug|Any CPU.ActiveCfg = Debug|Any CPU
		{CC6C26C3-3902-4928-A61B-0F6C8E72B08A}.Debug|Any CPU.Build.0 = Debug|Any CPU
		{CC6C26C3-3902-4928-A61B-0F6C8E72B08A}.Release|Any CPU.ActiveCfg = Release|Any CPU
		{CC6C26C3-3902-4928-A61B-0F6C8E72B08A}.Release|Any CPU.Build.0 = Release|Any CPU
		{17831A73-47D7-4865-890B-522C216EE38D}.Debug|Any CPU.ActiveCfg = Debug|Any CPU
		{17831A73-47D7-4865-890B-522C216EE38D}.Debug|Any CPU.Build.0 = Debug|Any CPU
		{17831A73-47D7-4865-890B-522C216EE38D}.Release|Any CPU.ActiveCfg = Release|Any CPU
		{17831A73-47D7-4865-890B-522C216EE38D}.Release|Any CPU.Build.0 = Release|Any CPU
		{B2F9507A-9783-41A7-A46E-4B5C8A100013}.Debug|Any CPU.ActiveCfg = Debug|Any CPU
		{B2F9507A-9783-41A7-A46E-4B5C8A100013}.Debug|Any CPU.Build.0 = Debug|Any CPU
		{B2F9507A-9783-41A7-A46E-4B5C8A100013}.Release|Any CPU.ActiveCfg = Release|Any CPU
		{B2F9507A-9783-41A7-A46E-4B5C8A100013}.Release|Any CPU.Build.0 = Release|Any CPU
		{81089E5D-F0CC-4157-9E31-A1C97527F19B}.Debug|Any CPU.ActiveCfg = Debug|Any CPU
		{81089E5D-F0CC-4157-9E31-A1C97527F19B}.Debug|Any CPU.Build.0 = Debug|Any CPU
		{81089E5D-F0CC-4157-9E31-A1C97527F19B}.Release|Any CPU.ActiveCfg = Release|Any CPU
		{81089E5D-F0CC-4157-9E31-A1C97527F19B}.Release|Any CPU.Build.0 = Release|Any CPU
		{16286A8C-3035-467E-A446-509EF73760CE}.Debug|Any CPU.ActiveCfg = Debug|Any CPU
		{16286A8C-3035-467E-A446-509EF73760CE}.Debug|Any CPU.Build.0 = Debug|Any CPU
		{16286A8C-3035-467E-A446-509EF73760CE}.Release|Any CPU.ActiveCfg = Release|Any CPU
		{16286A8C-3035-467E-A446-509EF73760CE}.Release|Any CPU.Build.0 = Release|Any CPU
		{CDD2E8A8-DEE3-4152-894A-2078E0E85BB7}.Debug|Any CPU.ActiveCfg = Debug|Any CPU
		{CDD2E8A8-DEE3-4152-894A-2078E0E85BB7}.Debug|Any CPU.Build.0 = Debug|Any CPU
		{CDD2E8A8-DEE3-4152-894A-2078E0E85BB7}.Release|Any CPU.ActiveCfg = Release|Any CPU
		{CDD2E8A8-DEE3-4152-894A-2078E0E85BB7}.Release|Any CPU.Build.0 = Release|Any CPU
		{A59EF9EC-9DD9-456D-8F8A-5AA81B63D7C9}.Debug|Any CPU.ActiveCfg = Debug|Any CPU
		{A59EF9EC-9DD9-456D-8F8A-5AA81B63D7C9}.Debug|Any CPU.Build.0 = Debug|Any CPU
		{A59EF9EC-9DD9-456D-8F8A-5AA81B63D7C9}.Release|Any CPU.ActiveCfg = Release|Any CPU
		{A59EF9EC-9DD9-456D-8F8A-5AA81B63D7C9}.Release|Any CPU.Build.0 = Release|Any CPU
		{D42A0C80-FE13-4422-9926-F8F982EC5999}.Debug|Any CPU.ActiveCfg = Debug|Any CPU
		{D42A0C80-FE13-4422-9926-F8F982EC5999}.Debug|Any CPU.Build.0 = Debug|Any CPU
		{D42A0C80-FE13-4422-9926-F8F982EC5999}.Release|Any CPU.ActiveCfg = Release|Any CPU
		{D42A0C80-FE13-4422-9926-F8F982EC5999}.Release|Any CPU.Build.0 = Release|Any CPU
		{8322C355-BAA6-48E5-9C1D-A288E3A72A1F}.Debug|Any CPU.ActiveCfg = Debug|Any CPU
		{8322C355-BAA6-48E5-9C1D-A288E3A72A1F}.Debug|Any CPU.Build.0 = Debug|Any CPU
		{8322C355-BAA6-48E5-9C1D-A288E3A72A1F}.Release|Any CPU.ActiveCfg = Release|Any CPU
		{8322C355-BAA6-48E5-9C1D-A288E3A72A1F}.Release|Any CPU.Build.0 = Release|Any CPU
		{6AF92F46-73D7-4EC8-BF50-85AEE14F631A}.Debug|Any CPU.ActiveCfg = Debug|Any CPU
		{6AF92F46-73D7-4EC8-BF50-85AEE14F631A}.Debug|Any CPU.Build.0 = Debug|Any CPU
		{6AF92F46-73D7-4EC8-BF50-85AEE14F631A}.Release|Any CPU.ActiveCfg = Release|Any CPU
		{6AF92F46-73D7-4EC8-BF50-85AEE14F631A}.Release|Any CPU.Build.0 = Release|Any CPU
		{CAD3B84A-17F7-46E9-AB41-09F5E22C43A3}.Debug|Any CPU.ActiveCfg = Debug|Any CPU
		{CAD3B84A-17F7-46E9-AB41-09F5E22C43A3}.Debug|Any CPU.Build.0 = Debug|Any CPU
		{CAD3B84A-17F7-46E9-AB41-09F5E22C43A3}.Release|Any CPU.ActiveCfg = Release|Any CPU
		{CAD3B84A-17F7-46E9-AB41-09F5E22C43A3}.Release|Any CPU.Build.0 = Release|Any CPU
		{222F73D9-30DC-4FCD-B1CA-E21D1B49E681}.Debug|Any CPU.ActiveCfg = Debug|Any CPU
		{222F73D9-30DC-4FCD-B1CA-E21D1B49E681}.Debug|Any CPU.Build.0 = Debug|Any CPU
		{222F73D9-30DC-4FCD-B1CA-E21D1B49E681}.Release|Any CPU.ActiveCfg = Release|Any CPU
		{222F73D9-30DC-4FCD-B1CA-E21D1B49E681}.Release|Any CPU.Build.0 = Release|Any CPU
	EndGlobalSection
	GlobalSection(SolutionProperties) = preSolution
		HideSolutionNode = FALSE
	EndGlobalSection
	GlobalSection(NestedProjects) = preSolution
		{0962EB34-79CB-4F52-9707-04D9685A4E60} = {00CBC3B6-CC31-475B-9DE1-989F9F5495D9}
		{A34997C5-56FE-4DE5-9F23-CCA7C8D63517} = {74D7811D-7F5F-43D9-8ACE-7C792C898D87}
		{B2F9507A-9783-41A7-A46E-4B5C8A100013} = {74D7811D-7F5F-43D9-8ACE-7C792C898D87}
		{6AF92F46-73D7-4EC8-BF50-85AEE14F631A} = {F500B962-D7D6-4CC2-A76C-F93F211B9C0F}
		{CAD3B84A-17F7-46E9-AB41-09F5E22C43A3} = {F500B962-D7D6-4CC2-A76C-F93F211B9C0F}
		{222F73D9-30DC-4FCD-B1CA-E21D1B49E681} = {F500B962-D7D6-4CC2-A76C-F93F211B9C0F}
	EndGlobalSection
	GlobalSection(ExtensibilityGlobals) = postSolution
		SolutionGuid = {B8970005-941E-41E9-A6A6-0BC43DF01E17}
	EndGlobalSection
EndGlobal
