
Microsoft Visual Studio Solution File, Format Version 12.00
# Visual Studio 15
VisualStudioVersion = 15.0.28307.645
MinimumVisualStudioVersion = 10.0.40219.1
Project("{FAE04EC0-301F-11D3-BF4B-00C04F79EFBC}") = "DesignPatterns", "DesignPatterns\DesignPatterns.csproj", "{526A3A7C-ACC3-42F2-8142-9B9010A20ABA}"
EndProject
Project("{2150E333-8FDC-42A3-9474-1A3956D46DE8}") = "Solution Items", "Solution Items", "{1F60F897-CC56-4987-9853-EFF64B8F72D1}"
	ProjectSection(SolutionItems) = preProject
		MicroServices.txt = MicroServices.txt
	EndProjectSection
EndProject
Global
	GlobalSection(SolutionConfigurationPlatforms) = preSolution
		Debug|Any CPU = Debug|Any CPU
		Release|Any CPU = Release|Any CPU
	EndGlobalSection
	GlobalSection(ProjectConfigurationPlatforms) = postSolution
		{526A3A7C-ACC3-42F2-8142-9B9010A20ABA}.Debug|Any CPU.ActiveCfg = Debug|Any CPU
		{526A3A7C-ACC3-42F2-8142-9B9010A20ABA}.Debug|Any CPU.Build.0 = Debug|Any CPU
		{526A3A7C-ACC3-42F2-8142-9B9010A20ABA}.Release|Any CPU.ActiveCfg = Release|Any CPU
		{526A3A7C-ACC3-42F2-8142-9B9010A20ABA}.Release|Any CPU.Build.0 = Release|Any CPU
	EndGlobalSection
	GlobalSection(SolutionProperties) = preSolution
		HideSolutionNode = FALSE
	EndGlobalSection
	GlobalSection(ExtensibilityGlobals) = postSolution
		SolutionGuid = {B8970005-941E-41E9-A6A6-0BC43DF01E17}
	EndGlobalSection
EndGlobal
